
Microsoft Visual Studio Solution File, Format Version 12.00
Project("{FAE04EC0-301F-11D3-BF4B-00C04F79EFBC}") = "Zajda.RoslynCodeGenCLI", "Zajda.RoslynCodeGenCLI\Zajda.RoslynCodeGenCLI.csproj", "{A3725BC8-507D-41A6-936B-D8F5063D78C7}"
EndProject
Global
	GlobalSection(SolutionConfigurationPlatforms) = preSolution
		Debug|Any CPU = Debug|Any CPU
		Release|Any CPU = Release|Any CPU
	EndGlobalSection
	GlobalSection(ProjectConfigurationPlatforms) = postSolution
		{A3725BC8-507D-41A6-936B-D8F5063D78C7}.Debug|Any CPU.ActiveCfg = Debug|Any CPU
		{A3725BC8-507D-41A6-936B-D8F5063D78C7}.Debug|Any CPU.Build.0 = Debug|Any CPU
		{A3725BC8-507D-41A6-936B-D8F5063D78C7}.Release|Any CPU.ActiveCfg = Release|Any CPU
		{A3725BC8-507D-41A6-936B-D8F5063D78C7}.Release|Any CPU.Build.0 = Release|Any CPU
	EndGlobalSection
EndGlobal
